// !$*UTF8*$!
{
	archiveVersion = 1;
	classes = {
	};
	objectVersion = 56;
	objects = {

/* Begin PBXBuildFile section */
		F12B1B8D29D7DCC600ED8F84 /* CardView.swift in Sources */ = {isa = PBXBuildFile; fileRef = F12B1B8C29D7DCC600ED8F84 /* CardView.swift */; };
		F14A47B229D7CEA100CB0BC4 /* BottomControlsStackView.swift in Sources */ = {isa = PBXBuildFile; fileRef = F14A47B129D7CEA100CB0BC4 /* BottomControlsStackView.swift */; };
		F1DECA9129D56B60001C758F /* AppDelegate.swift in Sources */ = {isa = PBXBuildFile; fileRef = F1DECA9029D56B60001C758F /* AppDelegate.swift */; };
		F1DECA9329D56B60001C758F /* SceneDelegate.swift in Sources */ = {isa = PBXBuildFile; fileRef = F1DECA9229D56B60001C758F /* SceneDelegate.swift */; };
		F1DECA9829D56B60001C758F /* Main.storyboard in Resources */ = {isa = PBXBuildFile; fileRef = F1DECA9629D56B60001C758F /* Main.storyboard */; };
		F1DECA9A29D56B61001C758F /* Assets.xcassets in Resources */ = {isa = PBXBuildFile; fileRef = F1DECA9929D56B61001C758F /* Assets.xcassets */; };
		F1DECA9D29D56B61001C758F /* LaunchScreen.storyboard in Resources */ = {isa = PBXBuildFile; fileRef = F1DECA9B29D56B61001C758F /* LaunchScreen.storyboard */; };
		F1DECAAB29D56CD0001C758F /* HomeViewController.swift in Sources */ = {isa = PBXBuildFile; fileRef = F1DECAAA29D56CD0001C758F /* HomeViewController.swift */; };
		F1DECAAD29D56FAE001C758F /* Extensions.swift in Sources */ = {isa = PBXBuildFile; fileRef = F1DECAAC29D56FAE001C758F /* Extensions.swift */; };
		F1DECAAF29D570DA001C758F /* HomeNavigationStackView.swift in Sources */ = {isa = PBXBuildFile; fileRef = F1DECAAE29D570DA001C758F /* HomeNavigationStackView.swift */; };
/* End PBXBuildFile section */

/* Begin PBXFileReference section */
		F12B1B8C29D7DCC600ED8F84 /* CardView.swift */ = {isa = PBXFileReference; lastKnownFileType = sourcecode.swift; path = CardView.swift; sourceTree = "<group>"; };
		F14A47B129D7CEA100CB0BC4 /* BottomControlsStackView.swift */ = {isa = PBXFileReference; lastKnownFileType = sourcecode.swift; path = BottomControlsStackView.swift; sourceTree = "<group>"; };
		F1DECA8D29D56B60001C758F /* TinderClone.app */ = {isa = PBXFileReference; explicitFileType = wrapper.application; includeInIndex = 0; path = TinderClone.app; sourceTree = BUILT_PRODUCTS_DIR; };
		F1DECA9029D56B60001C758F /* AppDelegate.swift */ = {isa = PBXFileReference; lastKnownFileType = sourcecode.swift; path = AppDelegate.swift; sourceTree = "<group>"; };
		F1DECA9229D56B60001C758F /* SceneDelegate.swift */ = {isa = PBXFileReference; lastKnownFileType = sourcecode.swift; path = SceneDelegate.swift; sourceTree = "<group>"; };
		F1DECA9729D56B60001C758F /* Base */ = {isa = PBXFileReference; lastKnownFileType = file.storyboard; name = Base; path = Base.lproj/Main.storyboard; sourceTree = "<group>"; };
		F1DECA9929D56B61001C758F /* Assets.xcassets */ = {isa = PBXFileReference; lastKnownFileType = folder.assetcatalog; path = Assets.xcassets; sourceTree = "<group>"; };
		F1DECA9C29D56B61001C758F /* Base */ = {isa = PBXFileReference; lastKnownFileType = file.storyboard; name = Base; path = Base.lproj/LaunchScreen.storyboard; sourceTree = "<group>"; };
		F1DECA9E29D56B61001C758F /* Info.plist */ = {isa = PBXFileReference; lastKnownFileType = text.plist.xml; path = Info.plist; sourceTree = "<group>"; };
		F1DECAAA29D56CD0001C758F /* HomeViewController.swift */ = {isa = PBXFileReference; lastKnownFileType = sourcecode.swift; path = HomeViewController.swift; sourceTree = "<group>"; };
		F1DECAAC29D56FAE001C758F /* Extensions.swift */ = {isa = PBXFileReference; fileEncoding = 4; lastKnownFileType = sourcecode.swift; name = Extensions.swift; path = ../../../../../../Downloads/Extensions.swift; sourceTree = "<group>"; };
		F1DECAAE29D570DA001C758F /* HomeNavigationStackView.swift */ = {isa = PBXFileReference; lastKnownFileType = sourcecode.swift; path = HomeNavigationStackView.swift; sourceTree = "<group>"; };
/* End PBXFileReference section */

/* Begin PBXFrameworksBuildPhase section */
		F1DECA8A29D56B60001C758F /* Frameworks */ = {
			isa = PBXFrameworksBuildPhase;
			buildActionMask = 2147483647;
			files = (
			);
			runOnlyForDeploymentPostprocessing = 0;
		};
/* End PBXFrameworksBuildPhase section */

/* Begin PBXGroup section */
		F1DECA8429D56B60001C758F = {
			isa = PBXGroup;
			children = (
				F1DECA8F29D56B60001C758F /* TinderClone */,
				F1DECA8E29D56B60001C758F /* Products */,
			);
			sourceTree = "<group>";
		};
		F1DECA8E29D56B60001C758F /* Products */ = {
			isa = PBXGroup;
			children = (
				F1DECA8D29D56B60001C758F /* TinderClone.app */,
			);
			name = Products;
			sourceTree = "<group>";
		};
		F1DECA8F29D56B60001C758F /* TinderClone */ = {
			isa = PBXGroup;
			children = (
				F1DECA9029D56B60001C758F /* AppDelegate.swift */,
				F1DECA9229D56B60001C758F /* SceneDelegate.swift */,
				F1DECAA429D56B84001C758F /* Model */,
				F1DECAA529D56B8E001C758F /* View */,
				F1DECAA629D56B96001C758F /* ViewModel */,
				F1DECAA729D56BDC001C758F /* Controller */,
				F1DECAA829D56C03001C758F /* API */,
				F1DECAA929D56C0E001C758F /* Utilis */,
				F1DECA9629D56B60001C758F /* Main.storyboard */,
				F1DECA9929D56B61001C758F /* Assets.xcassets */,
				F1DECA9B29D56B61001C758F /* LaunchScreen.storyboard */,
				F1DECA9E29D56B61001C758F /* Info.plist */,
			);
			path = TinderClone;
			sourceTree = "<group>";
		};
		F1DECAA429D56B84001C758F /* Model */ = {
			isa = PBXGroup;
			children = (
			);
			path = Model;
			sourceTree = "<group>";
		};
		F1DECAA529D56B8E001C758F /* View */ = {
			isa = PBXGroup;
			children = (
				F1DECAAE29D570DA001C758F /* HomeNavigationStackView.swift */,
				F14A47B129D7CEA100CB0BC4 /* BottomControlsStackView.swift */,
				F12B1B8C29D7DCC600ED8F84 /* CardView.swift */,
			);
			path = View;
			sourceTree = "<group>";
		};
		F1DECAA629D56B96001C758F /* ViewModel */ = {
			isa = PBXGroup;
			children = (
			);
			path = ViewModel;
			sourceTree = "<group>";
		};
		F1DECAA729D56BDC001C758F /* Controller */ = {
			isa = PBXGroup;
			children = (
				F1DECAAA29D56CD0001C758F /* HomeViewController.swift */,
			);
			path = Controller;
			sourceTree = "<group>";
		};
		F1DECAA829D56C03001C758F /* API */ = {
			isa = PBXGroup;
			children = (
			);
			path = API;
			sourceTree = "<group>";
		};
		F1DECAA929D56C0E001C758F /* Utilis */ = {
			isa = PBXGroup;
			children = (
				F1DECAAC29D56FAE001C758F /* Extensions.swift */,
			);
			path = Utilis;
			sourceTree = "<group>";
		};
/* End PBXGroup section */

/* Begin PBXNativeTarget section */
		F1DECA8C29D56B60001C758F /* TinderClone */ = {
			isa = PBXNativeTarget;
			buildConfigurationList = F1DECAA129D56B61001C758F /* Build configuration list for PBXNativeTarget "TinderClone" */;
			buildPhases = (
				F1DECA8929D56B60001C758F /* Sources */,
				F1DECA8A29D56B60001C758F /* Frameworks */,
				F1DECA8B29D56B60001C758F /* Resources */,
			);
			buildRules = (
			);
			dependencies = (
			);
			name = TinderClone;
			productName = TinderClone;
			productReference = F1DECA8D29D56B60001C758F /* TinderClone.app */;
			productType = "com.apple.product-type.application";
		};
/* End PBXNativeTarget section */

/* Begin PBXProject section */
		F1DECA8529D56B60001C758F /* Project object */ = {
			isa = PBXProject;
			attributes = {
				BuildIndependentTargetsInParallel = 1;
				LastSwiftUpdateCheck = 1420;
				LastUpgradeCheck = 1420;
				TargetAttributes = {
					F1DECA8C29D56B60001C758F = {
						CreatedOnToolsVersion = 14.2;
					};
				};
			};
			buildConfigurationList = F1DECA8829D56B60001C758F /* Build configuration list for PBXProject "TinderClone" */;
			compatibilityVersion = "Xcode 14.0";
			developmentRegion = en;
			hasScannedForEncodings = 0;
			knownRegions = (
				en,
				Base,
			);
			mainGroup = F1DECA8429D56B60001C758F;
			productRefGroup = F1DECA8E29D56B60001C758F /* Products */;
			projectDirPath = "";
			projectRoot = "";
			targets = (
				F1DECA8C29D56B60001C758F /* TinderClone */,
			);
		};
/* End PBXProject section */

/* Begin PBXResourcesBuildPhase section */
		F1DECA8B29D56B60001C758F /* Resources */ = {
			isa = PBXResourcesBuildPhase;
			buildActionMask = 2147483647;
			files = (
				F1DECA9D29D56B61001C758F /* LaunchScreen.storyboard in Resources */,
				F1DECA9A29D56B61001C758F /* Assets.xcassets in Resources */,
				F1DECA9829D56B60001C758F /* Main.storyboard in Resources */,
			);
			runOnlyForDeploymentPostprocessing = 0;
		};
/* End PBXResourcesBuildPhase section */

/* Begin PBXSourcesBuildPhase section */
		F1DECA8929D56B60001C758F /* Sources */ = {
			isa = PBXSourcesBuildPhase;
			buildActionMask = 2147483647;
			files = (
				F12B1B8D29D7DCC600ED8F84 /* CardView.swift in Sources */,
				F14A47B229D7CEA100CB0BC4 /* BottomControlsStackView.swift in Sources */,
				F1DECA9129D56B60001C758F /* AppDelegate.swift in Sources */,
				F1DECAAF29D570DA001C758F /* HomeNavigationStackView.swift in Sources */,
				F1DECA9329D56B60001C758F /* SceneDelegate.swift in Sources */,
				F1DECAAB29D56CD0001C758F /* HomeViewController.swift in Sources */,
				F1DECAAD29D56FAE001C758F /* Extensions.swift in Sources */,
			);
			runOnlyForDeploymentPostprocessing = 0;
		};
/* End PBXSourcesBuildPhase section */

/* Begin PBXVariantGroup section */
		F1DECA9629D56B60001C758F /* Main.storyboard */ = {
			isa = PBXVariantGroup;
			children = (
				F1DECA9729D56B60001C758F /* Base */,
			);
			name = Main.storyboard;
			sourceTree = "<group>";
		};
		F1DECA9B29D56B61001C758F /* LaunchScreen.storyboard */ = {
			isa = PBXVariantGroup;
			children = (
				F1DECA9C29D56B61001C758F /* Base */,
			);
			name = LaunchScreen.storyboard;
			sourceTree = "<group>";
		};
/* End PBXVariantGroup section */

/* Begin XCBuildConfiguration section */
		F1DECA9F29D56B61001C758F /* Debug */ = {
			isa = XCBuildConfiguration;
			buildSettings = {
				ALWAYS_SEARCH_USER_PATHS = NO;
				CLANG_ANALYZER_NONNULL = YES;
				CLANG_ANALYZER_NUMBER_OBJECT_CONVERSION = YES_AGGRESSIVE;
				CLANG_CXX_LANGUAGE_STANDARD = "gnu++20";
				CLANG_ENABLE_MODULES = YES;
				CLANG_ENABLE_OBJC_ARC = YES;
				CLANG_ENABLE_OBJC_WEAK = YES;
				CLANG_WARN_BLOCK_CAPTURE_AUTORELEASING = YES;
				CLANG_WARN_BOOL_CONVERSION = YES;
				CLANG_WARN_COMMA = YES;
				CLANG_WARN_CONSTANT_CONVERSION = YES;
				CLANG_WARN_DEPRECATED_OBJC_IMPLEMENTATIONS = YES;
				CLANG_WARN_DIRECT_OBJC_ISA_USAGE = YES_ERROR;
				CLANG_WARN_DOCUMENTATION_COMMENTS = YES;
				CLANG_WARN_EMPTY_BODY = YES;
				CLANG_WARN_ENUM_CONVERSION = YES;
				CLANG_WARN_INFINITE_RECURSION = YES;
				CLANG_WARN_INT_CONVERSION = YES;
				CLANG_WARN_NON_LITERAL_NULL_CONVERSION = YES;
				CLANG_WARN_OBJC_IMPLICIT_RETAIN_SELF = YES;
				CLANG_WARN_OBJC_LITERAL_CONVERSION = YES;
				CLANG_WARN_OBJC_ROOT_CLASS = YES_ERROR;
				CLANG_WARN_QUOTED_INCLUDE_IN_FRAMEWORK_HEADER = YES;
				CLANG_WARN_RANGE_LOOP_ANALYSIS = YES;
				CLANG_WARN_STRICT_PROTOTYPES = YES;
				CLANG_WARN_SUSPICIOUS_MOVE = YES;
				CLANG_WARN_UNGUARDED_AVAILABILITY = YES_AGGRESSIVE;
				CLANG_WARN_UNREACHABLE_CODE = YES;
				CLANG_WARN__DUPLICATE_METHOD_MATCH = YES;
				COPY_PHASE_STRIP = NO;
				DEBUG_INFORMATION_FORMAT = dwarf;
				ENABLE_STRICT_OBJC_MSGSEND = YES;
				ENABLE_TESTABILITY = YES;
				GCC_C_LANGUAGE_STANDARD = gnu11;
				GCC_DYNAMIC_NO_PIC = NO;
				GCC_NO_COMMON_BLOCKS = YES;
				GCC_OPTIMIZATION_LEVEL = 0;
				GCC_PREPROCESSOR_DEFINITIONS = (
					"DEBUG=1",
					"$(inherited)",
				);
				GCC_WARN_64_TO_32_BIT_CONVERSION = YES;
				GCC_WARN_ABOUT_RETURN_TYPE = YES_ERROR;
				GCC_WARN_UNDECLARED_SELECTOR = YES;
				GCC_WARN_UNINITIALIZED_AUTOS = YES_AGGRESSIVE;
				GCC_WARN_UNUSED_FUNCTION = YES;
				GCC_WARN_UNUSED_VARIABLE = YES;
				IPHONEOS_DEPLOYMENT_TARGET = 16.2;
				MTL_ENABLE_DEBUG_INFO = INCLUDE_SOURCE;
				MTL_FAST_MATH = YES;
				ONLY_ACTIVE_ARCH = YES;
				SDKROOT = iphoneos;
				SWIFT_ACTIVE_COMPILATION_CONDITIONS = DEBUG;
				SWIFT_OPTIMIZATION_LEVEL = "-Onone";
			};
			name = Debug;
		};
		F1DECAA029D56B61001C758F /* Release */ = {
			isa = XCBuildConfiguration;
			buildSettings = {
				ALWAYS_SEARCH_USER_PATHS = NO;
				CLANG_ANALYZER_NONNULL = YES;
				CLANG_ANALYZER_NUMBER_OBJECT_CONVERSION = YES_AGGRESSIVE;
				CLANG_CXX_LANGUAGE_STANDARD = "gnu++20";
				CLANG_ENABLE_MODULES = YES;
				CLANG_ENABLE_OBJC_ARC = YES;
				CLANG_ENABLE_OBJC_WEAK = YES;
				CLANG_WARN_BLOCK_CAPTURE_AUTORELEASING = YES;
				CLANG_WARN_BOOL_CONVERSION = YES;
				CLANG_WARN_COMMA = YES;
				CLANG_WARN_CONSTANT_CONVERSION = YES;
				CLANG_WARN_DEPRECATED_OBJC_IMPLEMENTATIONS = YES;
				CLANG_WARN_DIRECT_OBJC_ISA_USAGE = YES_ERROR;
				CLANG_WARN_DOCUMENTATION_COMMENTS = YES;
				CLANG_WARN_EMPTY_BODY = YES;
				CLANG_WARN_ENUM_CONVERSION = YES;
				CLANG_WARN_INFINITE_RECURSION = YES;
				CLANG_WARN_INT_CONVERSION = YES;
				CLANG_WARN_NON_LITERAL_NULL_CONVERSION = YES;
				CLANG_WARN_OBJC_IMPLICIT_RETAIN_SELF = YES;
				CLANG_WARN_OBJC_LITERAL_CONVERSION = YES;
				CLANG_WARN_OBJC_ROOT_CLASS = YES_ERROR;
				CLANG_WARN_QUOTED_INCLUDE_IN_FRAMEWORK_HEADER = YES;
				CLANG_WARN_RANGE_LOOP_ANALYSIS = YES;
				CLANG_WARN_STRICT_PROTOTYPES = YES;
				CLANG_WARN_SUSPICIOUS_MOVE = YES;
				CLANG_WARN_UNGUARDED_AVAILABILITY = YES_AGGRESSIVE;
				CLANG_WARN_UNREACHABLE_CODE = YES;
				CLANG_WARN__DUPLICATE_METHOD_MATCH = YES;
				COPY_PHASE_STRIP = NO;
				DEBUG_INFORMATION_FORMAT = "dwarf-with-dsym";
				ENABLE_NS_ASSERTIONS = NO;
				ENABLE_STRICT_OBJC_MSGSEND = YES;
				GCC_C_LANGUAGE_STANDARD = gnu11;
				GCC_NO_COMMON_BLOCKS = YES;
				GCC_WARN_64_TO_32_BIT_CONVERSION = YES;
				GCC_WARN_ABOUT_RETURN_TYPE = YES_ERROR;
				GCC_WARN_UNDECLARED_SELECTOR = YES;
				GCC_WARN_UNINITIALIZED_AUTOS = YES_AGGRESSIVE;
				GCC_WARN_UNUSED_FUNCTION = YES;
				GCC_WARN_UNUSED_VARIABLE = YES;
				IPHONEOS_DEPLOYMENT_TARGET = 16.2;
				MTL_ENABLE_DEBUG_INFO = NO;
				MTL_FAST_MATH = YES;
				SDKROOT = iphoneos;
				SWIFT_COMPILATION_MODE = wholemodule;
				SWIFT_OPTIMIZATION_LEVEL = "-O";
				VALIDATE_PRODUCT = YES;
			};
			name = Release;
		};
		F1DECAA229D56B61001C758F /* Debug */ = {
			isa = XCBuildConfiguration;
			buildSettings = {
				ASSETCATALOG_COMPILER_APPICON_NAME = AppIcon;
				ASSETCATALOG_COMPILER_GLOBAL_ACCENT_COLOR_NAME = AccentColor;
				CODE_SIGN_STYLE = Automatic;
				CURRENT_PROJECT_VERSION = 1;
				DEVELOPMENT_TEAM = JY9QH7G8BB;
				GENERATE_INFOPLIST_FILE = YES;
				INFOPLIST_FILE = TinderClone/Info.plist;
				INFOPLIST_KEY_UIApplicationSupportsIndirectInputEvents = YES;
				INFOPLIST_KEY_UILaunchStoryboardName = LaunchScreen;
				INFOPLIST_KEY_UIMainStoryboardFile = Main;
				INFOPLIST_KEY_UISupportedInterfaceOrientations_iPad = "UIInterfaceOrientationLandscapeLeft UIInterfaceOrientationLandscapeRight UIInterfaceOrientationPortrait UIInterfaceOrientationPortraitUpsideDown";
				LD_RUNPATH_SEARCH_PATHS = (
					"$(inherited)",
					"@executable_path/Frameworks",
				);
				MARKETING_VERSION = 1.0;
				PRODUCT_BUNDLE_IDENTIFIER = com.samSung.TinderClone;
				PRODUCT_NAME = "$(TARGET_NAME)";
				SUPPORTED_PLATFORMS = "iphoneos iphonesimulator";
				SUPPORTS_MACCATALYST = NO;
				SUPPORTS_MAC_DESIGNED_FOR_IPHONE_IPAD = NO;
				SWIFT_EMIT_LOC_STRINGS = YES;
				SWIFT_VERSION = 5.0;
				TARGETED_DEVICE_FAMILY = 1;
			};
			name = Debug;
		};
		F1DECAA329D56B61001C758F /* Release */ = {
			isa = XCBuildConfiguration;
			buildSettings = {
				ASSETCATALOG_COMPILER_APPICON_NAME = AppIcon;
				ASSETCATALOG_COMPILER_GLOBAL_ACCENT_COLOR_NAME = AccentColor;
				CODE_SIGN_STYLE = Automatic;
				CURRENT_PROJECT_VERSION = 1;
				DEVELOPMENT_TEAM = JY9QH7G8BB;
				GENERATE_INFOPLIST_FILE = YES;
				INFOPLIST_FILE = TinderClone/Info.plist;
				INFOPLIST_KEY_UIApplicationSupportsIndirectInputEvents = YES;
				INFOPLIST_KEY_UILaunchStoryboardName = LaunchScreen;
				INFOPLIST_KEY_UIMainStoryboardFile = Main;
				INFOPLIST_KEY_UISupportedInterfaceOrientations_iPad = "UIInterfaceOrientationLandscapeLeft UIInterfaceOrientationLandscapeRight UIInterfaceOrientationPortrait UIInterfaceOrientationPortraitUpsideDown";
				LD_RUNPATH_SEARCH_PATHS = (
					"$(inherited)",
					"@executable_path/Frameworks",
				);
				MARKETING_VERSION = 1.0;
				PRODUCT_BUNDLE_IDENTIFIER = com.samSung.TinderClone;
				PRODUCT_NAME = "$(TARGET_NAME)";
				SUPPORTED_PLATFORMS = "iphoneos iphonesimulator";
				SUPPORTS_MACCATALYST = NO;
				SUPPORTS_MAC_DESIGNED_FOR_IPHONE_IPAD = NO;
				SWIFT_EMIT_LOC_STRINGS = YES;
				SWIFT_VERSION = 5.0;
				TARGETED_DEVICE_FAMILY = 1;
			};
			name = Release;
		};
/* End XCBuildConfiguration section */

/* Begin XCConfigurationList section */
		F1DECA8829D56B60001C758F /* Build configuration list for PBXProject "TinderClone" */ = {
			isa = XCConfigurationList;
			buildConfigurations = (
				F1DECA9F29D56B61001C758F /* Debug */,
				F1DECAA029D56B61001C758F /* Release */,
			);
			defaultConfigurationIsVisible = 0;
			defaultConfigurationName = Release;
		};
		F1DECAA129D56B61001C758F /* Build configuration list for PBXNativeTarget "TinderClone" */ = {
			isa = XCConfigurationList;
			buildConfigurations = (
				F1DECAA229D56B61001C758F /* Debug */,
				F1DECAA329D56B61001C758F /* Release */,
			);
			defaultConfigurationIsVisible = 0;
			defaultConfigurationName = Release;
		};
/* End XCConfigurationList section */
	};
	rootObject = F1DECA8529D56B60001C758F /* Project object */;
}
