// !$*UTF8*$!
{
	archiveVersion = 1;
	classes = {
	};
	objectVersion = 56;
	objects = {

/* Begin PBXBuildFile section */
		6AA1A34A5B8719CC302A2ACE /* Pods_TinderClone.framework in Frameworks */ = {isa = PBXBuildFile; fileRef = 6D4C0C7A6741E20A69D1BBEB /* Pods_TinderClone.framework */; };
		F117F5C729DD6DC000A44FCC /* AuthService.swift in Sources */ = {isa = PBXBuildFile; fileRef = F117F5C629DD6DC000A44FCC /* AuthService.swift */; };
		F117F5C929DD6DE200A44FCC /* Service.swift in Sources */ = {isa = PBXBuildFile; fileRef = F117F5C829DD6DE200A44FCC /* Service.swift */; };
		F117F5CB29DEA09800A44FCC /* Constants.swift in Sources */ = {isa = PBXBuildFile; fileRef = F117F5CA29DEA09800A44FCC /* Constants.swift */; };
		F117F5CD29DFEE3800A44FCC /* SettingsViewController.swift in Sources */ = {isa = PBXBuildFile; fileRef = F117F5CC29DFEE3800A44FCC /* SettingsViewController.swift */; };
		F117F5CF29DFF6AD00A44FCC /* SettingsHeaderView.swift in Sources */ = {isa = PBXBuildFile; fileRef = F117F5CE29DFF6AD00A44FCC /* SettingsHeaderView.swift */; };
		F117F5D129E00C9400A44FCC /* SettingsViewCell.swift in Sources */ = {isa = PBXBuildFile; fileRef = F117F5D029E00C9400A44FCC /* SettingsViewCell.swift */; };
		F117F5D329E011D500A44FCC /* SettingsViewModel.swift in Sources */ = {isa = PBXBuildFile; fileRef = F117F5D229E011D500A44FCC /* SettingsViewModel.swift */; };
		F117F5D629E25E2D00A44FCC /* SettingsFooter.swift in Sources */ = {isa = PBXBuildFile; fileRef = F117F5D529E25E2D00A44FCC /* SettingsFooter.swift */; };
		F122E95629DD333600937C08 /* AuthenticationViewModel.swift in Sources */ = {isa = PBXBuildFile; fileRef = F122E95529DD333600937C08 /* AuthenticationViewModel.swift */; };
		F12B1B8D29D7DCC600ED8F84 /* CardView.swift in Sources */ = {isa = PBXBuildFile; fileRef = F12B1B8C29D7DCC600ED8F84 /* CardView.swift */; };
		F14A3EE529D95A660045D363 /* User.swift in Sources */ = {isa = PBXBuildFile; fileRef = F14A3EE429D95A660045D363 /* User.swift */; };
		F14A3EE729D95BAC0045D363 /* CardViewModel.swift in Sources */ = {isa = PBXBuildFile; fileRef = F14A3EE629D95BAC0045D363 /* CardViewModel.swift */; };
		F14A3EEA29D96CBB0045D363 /* LoginController.swift in Sources */ = {isa = PBXBuildFile; fileRef = F14A3EE929D96CBB0045D363 /* LoginController.swift */; };
		F14A3EEC29D96CCE0045D363 /* RegistrationConrtoller.swift in Sources */ = {isa = PBXBuildFile; fileRef = F14A3EEB29D96CCE0045D363 /* RegistrationConrtoller.swift */; };
		F14A47B229D7CEA100CB0BC4 /* BottomControlsStackView.swift in Sources */ = {isa = PBXBuildFile; fileRef = F14A47B129D7CEA100CB0BC4 /* BottomControlsStackView.swift */; };
		F1828F1F29DD593F00C38391 /* GoogleService-Info.plist in Resources */ = {isa = PBXBuildFile; fileRef = F1828F1E29DD593F00C38391 /* GoogleService-Info.plist */; };
		F1D0FD0929DC279000AB1295 /* CustomTextField.swift in Sources */ = {isa = PBXBuildFile; fileRef = F1D0FD0829DC279000AB1295 /* CustomTextField.swift */; };
		F1D0FD0B29DC2A4900AB1295 /* AuthButton.swift in Sources */ = {isa = PBXBuildFile; fileRef = F1D0FD0A29DC2A4900AB1295 /* AuthButton.swift */; };
		F1DECA9129D56B60001C758F /* AppDelegate.swift in Sources */ = {isa = PBXBuildFile; fileRef = F1DECA9029D56B60001C758F /* AppDelegate.swift */; };
		F1DECA9329D56B60001C758F /* SceneDelegate.swift in Sources */ = {isa = PBXBuildFile; fileRef = F1DECA9229D56B60001C758F /* SceneDelegate.swift */; };
		F1DECA9A29D56B61001C758F /* Assets.xcassets in Resources */ = {isa = PBXBuildFile; fileRef = F1DECA9929D56B61001C758F /* Assets.xcassets */; };
		F1DECA9D29D56B61001C758F /* LaunchScreen.storyboard in Resources */ = {isa = PBXBuildFile; fileRef = F1DECA9B29D56B61001C758F /* LaunchScreen.storyboard */; };
		F1DECAAB29D56CD0001C758F /* HomeViewController.swift in Sources */ = {isa = PBXBuildFile; fileRef = F1DECAAA29D56CD0001C758F /* HomeViewController.swift */; };
		F1DECAAD29D56FAE001C758F /* Extensions.swift in Sources */ = {isa = PBXBuildFile; fileRef = F1DECAAC29D56FAE001C758F /* Extensions.swift */; };
		F1DECAAF29D570DA001C758F /* HomeNavigationStackView.swift in Sources */ = {isa = PBXBuildFile; fileRef = F1DECAAE29D570DA001C758F /* HomeNavigationStackView.swift */; };
		F1EA639929E2B10600A064D9 /* ProfileViewController.swift in Sources */ = {isa = PBXBuildFile; fileRef = F1EA639829E2B10600A064D9 /* ProfileViewController.swift */; };
		F1EA639B29E2C87A00A064D9 /* ProfileCell.swift in Sources */ = {isa = PBXBuildFile; fileRef = F1EA639A29E2C87A00A064D9 /* ProfileCell.swift */; };
		F1EA639D29E5074900A064D9 /* ProfileViewModel.swift in Sources */ = {isa = PBXBuildFile; fileRef = F1EA639C29E5074900A064D9 /* ProfileViewModel.swift */; };
/* End PBXBuildFile section */

/* Begin PBXFileReference section */
		26C42FBFA4A7E80E7EF9EBBD /* Pods-TinderClone.debug.xcconfig */ = {isa = PBXFileReference; includeInIndex = 1; lastKnownFileType = text.xcconfig; name = "Pods-TinderClone.debug.xcconfig"; path = "Target Support Files/Pods-TinderClone/Pods-TinderClone.debug.xcconfig"; sourceTree = "<group>"; };
		4E5727CD79824FABFB996412 /* Pods-TinderClone.release.xcconfig */ = {isa = PBXFileReference; includeInIndex = 1; lastKnownFileType = text.xcconfig; name = "Pods-TinderClone.release.xcconfig"; path = "Target Support Files/Pods-TinderClone/Pods-TinderClone.release.xcconfig"; sourceTree = "<group>"; };
		6D4C0C7A6741E20A69D1BBEB /* Pods_TinderClone.framework */ = {isa = PBXFileReference; explicitFileType = wrapper.framework; includeInIndex = 0; path = Pods_TinderClone.framework; sourceTree = BUILT_PRODUCTS_DIR; };
		F117F5C629DD6DC000A44FCC /* AuthService.swift */ = {isa = PBXFileReference; lastKnownFileType = sourcecode.swift; path = AuthService.swift; sourceTree = "<group>"; };
		F117F5C829DD6DE200A44FCC /* Service.swift */ = {isa = PBXFileReference; lastKnownFileType = sourcecode.swift; path = Service.swift; sourceTree = "<group>"; };
		F117F5CA29DEA09800A44FCC /* Constants.swift */ = {isa = PBXFileReference; lastKnownFileType = sourcecode.swift; path = Constants.swift; sourceTree = "<group>"; };
		F117F5CC29DFEE3800A44FCC /* SettingsViewController.swift */ = {isa = PBXFileReference; lastKnownFileType = sourcecode.swift; path = SettingsViewController.swift; sourceTree = "<group>"; };
		F117F5CE29DFF6AD00A44FCC /* SettingsHeaderView.swift */ = {isa = PBXFileReference; lastKnownFileType = sourcecode.swift; path = SettingsHeaderView.swift; sourceTree = "<group>"; };
		F117F5D029E00C9400A44FCC /* SettingsViewCell.swift */ = {isa = PBXFileReference; lastKnownFileType = sourcecode.swift; path = SettingsViewCell.swift; sourceTree = "<group>"; };
		F117F5D229E011D500A44FCC /* SettingsViewModel.swift */ = {isa = PBXFileReference; lastKnownFileType = sourcecode.swift; path = SettingsViewModel.swift; sourceTree = "<group>"; };
		F117F5D529E25E2D00A44FCC /* SettingsFooter.swift */ = {isa = PBXFileReference; lastKnownFileType = sourcecode.swift; path = SettingsFooter.swift; sourceTree = "<group>"; };
		F122E95529DD333600937C08 /* AuthenticationViewModel.swift */ = {isa = PBXFileReference; lastKnownFileType = sourcecode.swift; path = AuthenticationViewModel.swift; sourceTree = "<group>"; };
		F12B1B8C29D7DCC600ED8F84 /* CardView.swift */ = {isa = PBXFileReference; lastKnownFileType = sourcecode.swift; path = CardView.swift; sourceTree = "<group>"; };
		F14A3EE429D95A660045D363 /* User.swift */ = {isa = PBXFileReference; lastKnownFileType = sourcecode.swift; path = User.swift; sourceTree = "<group>"; };
		F14A3EE629D95BAC0045D363 /* CardViewModel.swift */ = {isa = PBXFileReference; lastKnownFileType = sourcecode.swift; path = CardViewModel.swift; sourceTree = "<group>"; };
		F14A3EE929D96CBB0045D363 /* LoginController.swift */ = {isa = PBXFileReference; lastKnownFileType = sourcecode.swift; path = LoginController.swift; sourceTree = "<group>"; };
		F14A3EEB29D96CCE0045D363 /* RegistrationConrtoller.swift */ = {isa = PBXFileReference; lastKnownFileType = sourcecode.swift; path = RegistrationConrtoller.swift; sourceTree = "<group>"; };
		F14A47B129D7CEA100CB0BC4 /* BottomControlsStackView.swift */ = {isa = PBXFileReference; lastKnownFileType = sourcecode.swift; path = BottomControlsStackView.swift; sourceTree = "<group>"; };
		F1828F1E29DD593F00C38391 /* GoogleService-Info.plist */ = {isa = PBXFileReference; lastKnownFileType = text.plist; path = "GoogleService-Info.plist"; sourceTree = SOURCE_ROOT; };
		F1D0FD0829DC279000AB1295 /* CustomTextField.swift */ = {isa = PBXFileReference; lastKnownFileType = sourcecode.swift; path = CustomTextField.swift; sourceTree = "<group>"; };
		F1D0FD0A29DC2A4900AB1295 /* AuthButton.swift */ = {isa = PBXFileReference; lastKnownFileType = sourcecode.swift; path = AuthButton.swift; sourceTree = "<group>"; };
		F1DECA8D29D56B60001C758F /* TinderClone.app */ = {isa = PBXFileReference; explicitFileType = wrapper.application; includeInIndex = 0; path = TinderClone.app; sourceTree = BUILT_PRODUCTS_DIR; };
		F1DECA9029D56B60001C758F /* AppDelegate.swift */ = {isa = PBXFileReference; lastKnownFileType = sourcecode.swift; path = AppDelegate.swift; sourceTree = "<group>"; };
		F1DECA9229D56B60001C758F /* SceneDelegate.swift */ = {isa = PBXFileReference; lastKnownFileType = sourcecode.swift; path = SceneDelegate.swift; sourceTree = "<group>"; };
		F1DECA9929D56B61001C758F /* Assets.xcassets */ = {isa = PBXFileReference; lastKnownFileType = folder.assetcatalog; path = Assets.xcassets; sourceTree = "<group>"; };
		F1DECA9C29D56B61001C758F /* Base */ = {isa = PBXFileReference; lastKnownFileType = file.storyboard; name = Base; path = Base.lproj/LaunchScreen.storyboard; sourceTree = "<group>"; };
		F1DECA9E29D56B61001C758F /* Info.plist */ = {isa = PBXFileReference; lastKnownFileType = text.plist.xml; path = Info.plist; sourceTree = "<group>"; };
		F1DECAAA29D56CD0001C758F /* HomeViewController.swift */ = {isa = PBXFileReference; lastKnownFileType = sourcecode.swift; path = HomeViewController.swift; sourceTree = "<group>"; };
		F1DECAAC29D56FAE001C758F /* Extensions.swift */ = {isa = PBXFileReference; fileEncoding = 4; lastKnownFileType = sourcecode.swift; name = Extensions.swift; path = ../../../../../../Downloads/Extensions.swift; sourceTree = "<group>"; };
		F1DECAAE29D570DA001C758F /* HomeNavigationStackView.swift */ = {isa = PBXFileReference; lastKnownFileType = sourcecode.swift; path = HomeNavigationStackView.swift; sourceTree = "<group>"; };
		F1EA639829E2B10600A064D9 /* ProfileViewController.swift */ = {isa = PBXFileReference; lastKnownFileType = sourcecode.swift; path = ProfileViewController.swift; sourceTree = "<group>"; };
		F1EA639A29E2C87A00A064D9 /* ProfileCell.swift */ = {isa = PBXFileReference; lastKnownFileType = sourcecode.swift; path = ProfileCell.swift; sourceTree = "<group>"; };
		F1EA639C29E5074900A064D9 /* ProfileViewModel.swift */ = {isa = PBXFileReference; lastKnownFileType = sourcecode.swift; path = ProfileViewModel.swift; sourceTree = "<group>"; };
/* End PBXFileReference section */

/* Begin PBXFrameworksBuildPhase section */
		F1DECA8A29D56B60001C758F /* Frameworks */ = {
			isa = PBXFrameworksBuildPhase;
			buildActionMask = 2147483647;
			files = (
				6AA1A34A5B8719CC302A2ACE /* Pods_TinderClone.framework in Frameworks */,
			);
			runOnlyForDeploymentPostprocessing = 0;
		};
/* End PBXFrameworksBuildPhase section */

/* Begin PBXGroup section */
		2F2EBDDB024622C5C5932027 /* Pods */ = {
			isa = PBXGroup;
			children = (
				26C42FBFA4A7E80E7EF9EBBD /* Pods-TinderClone.debug.xcconfig */,
				4E5727CD79824FABFB996412 /* Pods-TinderClone.release.xcconfig */,
			);
			path = Pods;
			sourceTree = "<group>";
		};
		E66B5351BFE9C62EF246349B /* Frameworks */ = {
			isa = PBXGroup;
			children = (
				6D4C0C7A6741E20A69D1BBEB /* Pods_TinderClone.framework */,
			);
			name = Frameworks;
			sourceTree = "<group>";
		};
		F117F5D429E25DC600A44FCC /* Settings */ = {
			isa = PBXGroup;
			children = (
				F117F5CE29DFF6AD00A44FCC /* SettingsHeaderView.swift */,
				F117F5D029E00C9400A44FCC /* SettingsViewCell.swift */,
				F117F5D529E25E2D00A44FCC /* SettingsFooter.swift */,
			);
			path = Settings;
			sourceTree = "<group>";
		};
		F14A3EE829D96CA30045D363 /* Authentication */ = {
			isa = PBXGroup;
			children = (
				F14A3EE929D96CBB0045D363 /* LoginController.swift */,
				F14A3EEB29D96CCE0045D363 /* RegistrationConrtoller.swift */,
			);
			path = Authentication;
			sourceTree = "<group>";
		};
		F1DECA8429D56B60001C758F = {
			isa = PBXGroup;
			children = (
				F1DECA8F29D56B60001C758F /* TinderClone */,
				F1DECA8E29D56B60001C758F /* Products */,
				2F2EBDDB024622C5C5932027 /* Pods */,
				E66B5351BFE9C62EF246349B /* Frameworks */,
			);
			sourceTree = "<group>";
		};
		F1DECA8E29D56B60001C758F /* Products */ = {
			isa = PBXGroup;
			children = (
				F1DECA8D29D56B60001C758F /* TinderClone.app */,
			);
			name = Products;
			sourceTree = "<group>";
		};
		F1DECA8F29D56B60001C758F /* TinderClone */ = {
			isa = PBXGroup;
			children = (
				F1DECA9029D56B60001C758F /* AppDelegate.swift */,
				F1DECA9229D56B60001C758F /* SceneDelegate.swift */,
				F1DECAA429D56B84001C758F /* Model */,
				F1DECAA529D56B8E001C758F /* View */,
				F1DECAA629D56B96001C758F /* ViewModel */,
				F1DECAA729D56BDC001C758F /* Controller */,
				F1DECAA829D56C03001C758F /* API */,
				F1DECAA929D56C0E001C758F /* Utilis */,
				F1DECA9929D56B61001C758F /* Assets.xcassets */,
				F1DECA9B29D56B61001C758F /* LaunchScreen.storyboard */,
				F1DECA9E29D56B61001C758F /* Info.plist */,
				F1828F1E29DD593F00C38391 /* GoogleService-Info.plist */,
			);
			path = TinderClone;
			sourceTree = "<group>";
		};
		F1DECAA429D56B84001C758F /* Model */ = {
			isa = PBXGroup;
			children = (
				F14A3EE429D95A660045D363 /* User.swift */,
			);
			path = Model;
			sourceTree = "<group>";
		};
		F1DECAA529D56B8E001C758F /* View */ = {
			isa = PBXGroup;
			children = (
				F117F5D429E25DC600A44FCC /* Settings */,
				F1DECAAE29D570DA001C758F /* HomeNavigationStackView.swift */,
				F14A47B129D7CEA100CB0BC4 /* BottomControlsStackView.swift */,
				F12B1B8C29D7DCC600ED8F84 /* CardView.swift */,
				F1EA639A29E2C87A00A064D9 /* ProfileCell.swift */,
			);
			path = View;
			sourceTree = "<group>";
		};
		F1DECAA629D56B96001C758F /* ViewModel */ = {
			isa = PBXGroup;
			children = (
				F14A3EE629D95BAC0045D363 /* CardViewModel.swift */,
				F122E95529DD333600937C08 /* AuthenticationViewModel.swift */,
				F117F5D229E011D500A44FCC /* SettingsViewModel.swift */,
				F1EA639C29E5074900A064D9 /* ProfileViewModel.swift */,
			);
			path = ViewModel;
			sourceTree = "<group>";
		};
		F1DECAA729D56BDC001C758F /* Controller */ = {
			isa = PBXGroup;
			children = (
				F14A3EE829D96CA30045D363 /* Authentication */,
				F1DECAAA29D56CD0001C758F /* HomeViewController.swift */,
				F117F5CC29DFEE3800A44FCC /* SettingsViewController.swift */,
				F1EA639829E2B10600A064D9 /* ProfileViewController.swift */,
			);
			path = Controller;
			sourceTree = "<group>";
		};
		F1DECAA829D56C03001C758F /* API */ = {
			isa = PBXGroup;
			children = (
				F117F5C629DD6DC000A44FCC /* AuthService.swift */,
				F117F5C829DD6DE200A44FCC /* Service.swift */,
				F117F5CA29DEA09800A44FCC /* Constants.swift */,
			);
			path = API;
			sourceTree = "<group>";
		};
		F1DECAA929D56C0E001C758F /* Utilis */ = {
			isa = PBXGroup;
			children = (
				F1DECAAC29D56FAE001C758F /* Extensions.swift */,
				F1D0FD0829DC279000AB1295 /* CustomTextField.swift */,
				F1D0FD0A29DC2A4900AB1295 /* AuthButton.swift */,
			);
			path = Utilis;
			sourceTree = "<group>";
		};
/* End PBXGroup section */

/* Begin PBXNativeTarget section */
		F1DECA8C29D56B60001C758F /* TinderClone */ = {
			isa = PBXNativeTarget;
			buildConfigurationList = F1DECAA129D56B61001C758F /* Build configuration list for PBXNativeTarget "TinderClone" */;
			buildPhases = (
				0A23D1D4190A168C8CB82ACC /* [CP] Check Pods Manifest.lock */,
				F1DECA8929D56B60001C758F /* Sources */,
				F1DECA8A29D56B60001C758F /* Frameworks */,
				F1DECA8B29D56B60001C758F /* Resources */,
				479E231B4C68A406BCFA7B9C /* [CP] Embed Pods Frameworks */,
			);
			buildRules = (
			);
			dependencies = (
			);
			name = TinderClone;
			productName = TinderClone;
			productReference = F1DECA8D29D56B60001C758F /* TinderClone.app */;
			productType = "com.apple.product-type.application";
		};
/* End PBXNativeTarget section */

/* Begin PBXProject section */
		F1DECA8529D56B60001C758F /* Project object */ = {
			isa = PBXProject;
			attributes = {
				BuildIndependentTargetsInParallel = 1;
				LastSwiftUpdateCheck = 1420;
				LastUpgradeCheck = 1420;
				TargetAttributes = {
					F1DECA8C29D56B60001C758F = {
						CreatedOnToolsVersion = 14.2;
					};
				};
			};
			buildConfigurationList = F1DECA8829D56B60001C758F /* Build configuration list for PBXProject "TinderClone" */;
			compatibilityVersion = "Xcode 14.0";
			developmentRegion = en;
			hasScannedForEncodings = 0;
			knownRegions = (
				en,
				Base,
			);
			mainGroup = F1DECA8429D56B60001C758F;
			productRefGroup = F1DECA8E29D56B60001C758F /* Products */;
			projectDirPath = "";
			projectRoot = "";
			targets = (
				F1DECA8C29D56B60001C758F /* TinderClone */,
			);
		};
/* End PBXProject section */

/* Begin PBXResourcesBuildPhase section */
		F1DECA8B29D56B60001C758F /* Resources */ = {
			isa = PBXResourcesBuildPhase;
			buildActionMask = 2147483647;
			files = (
				F1DECA9D29D56B61001C758F /* LaunchScreen.storyboard in Resources */,
				F1DECA9A29D56B61001C758F /* Assets.xcassets in Resources */,
				F1828F1F29DD593F00C38391 /* GoogleService-Info.plist in Resources */,
			);
			runOnlyForDeploymentPostprocessing = 0;
		};
/* End PBXResourcesBuildPhase section */

/* Begin PBXShellScriptBuildPhase section */
		0A23D1D4190A168C8CB82ACC /* [CP] Check Pods Manifest.lock */ = {
			isa = PBXShellScriptBuildPhase;
			buildActionMask = 2147483647;
			files = (
			);
			inputFileListPaths = (
			);
			inputPaths = (
				"${PODS_PODFILE_DIR_PATH}/Podfile.lock",
				"${PODS_ROOT}/Manifest.lock",
			);
			name = "[CP] Check Pods Manifest.lock";
			outputFileListPaths = (
			);
			outputPaths = (
				"$(DERIVED_FILE_DIR)/Pods-TinderClone-checkManifestLockResult.txt",
			);
			runOnlyForDeploymentPostprocessing = 0;
			shellPath = /bin/sh;
			shellScript = "diff \"${PODS_PODFILE_DIR_PATH}/Podfile.lock\" \"${PODS_ROOT}/Manifest.lock\" > /dev/null\nif [ $? != 0 ] ; then\n    # print error to STDERR\n    echo \"error: The sandbox is not in sync with the Podfile.lock. Run 'pod install' or update your CocoaPods installation.\" >&2\n    exit 1\nfi\n# This output is used by Xcode 'outputs' to avoid re-running this script phase.\necho \"SUCCESS\" > \"${SCRIPT_OUTPUT_FILE_0}\"\n";
			showEnvVarsInLog = 0;
		};
		479E231B4C68A406BCFA7B9C /* [CP] Embed Pods Frameworks */ = {
			isa = PBXShellScriptBuildPhase;
			buildActionMask = 2147483647;
			files = (
			);
			inputFileListPaths = (
				"${PODS_ROOT}/Target Support Files/Pods-TinderClone/Pods-TinderClone-frameworks-${CONFIGURATION}-input-files.xcfilelist",
			);
			name = "[CP] Embed Pods Frameworks";
			outputFileListPaths = (
				"${PODS_ROOT}/Target Support Files/Pods-TinderClone/Pods-TinderClone-frameworks-${CONFIGURATION}-output-files.xcfilelist",
			);
			runOnlyForDeploymentPostprocessing = 0;
			shellPath = /bin/sh;
			shellScript = "\"${PODS_ROOT}/Target Support Files/Pods-TinderClone/Pods-TinderClone-frameworks.sh\"\n";
			showEnvVarsInLog = 0;
		};
/* End PBXShellScriptBuildPhase section */

/* Begin PBXSourcesBuildPhase section */
		F1DECA8929D56B60001C758F /* Sources */ = {
			isa = PBXSourcesBuildPhase;
			buildActionMask = 2147483647;
			files = (
				F117F5CD29DFEE3800A44FCC /* SettingsViewController.swift in Sources */,
				F12B1B8D29D7DCC600ED8F84 /* CardView.swift in Sources */,
				F117F5CB29DEA09800A44FCC /* Constants.swift in Sources */,
				F1D0FD0B29DC2A4900AB1295 /* AuthButton.swift in Sources */,
				F122E95629DD333600937C08 /* AuthenticationViewModel.swift in Sources */,
				F117F5D129E00C9400A44FCC /* SettingsViewCell.swift in Sources */,
				F14A47B229D7CEA100CB0BC4 /* BottomControlsStackView.swift in Sources */,
				F1DECA9129D56B60001C758F /* AppDelegate.swift in Sources */,
				F14A3EEC29D96CCE0045D363 /* RegistrationConrtoller.swift in Sources */,
				F1DECAAF29D570DA001C758F /* HomeNavigationStackView.swift in Sources */,
				F14A3EE529D95A660045D363 /* User.swift in Sources */,
				F1DECA9329D56B60001C758F /* SceneDelegate.swift in Sources */,
				F117F5D629E25E2D00A44FCC /* SettingsFooter.swift in Sources */,
				F117F5C929DD6DE200A44FCC /* Service.swift in Sources */,
				F1EA639D29E5074900A064D9 /* ProfileViewModel.swift in Sources */,
				F117F5C729DD6DC000A44FCC /* AuthService.swift in Sources */,
				F1EA639929E2B10600A064D9 /* ProfileViewController.swift in Sources */,
				F1DECAAB29D56CD0001C758F /* HomeViewController.swift in Sources */,
				F1D0FD0929DC279000AB1295 /* CustomTextField.swift in Sources */,
				F117F5CF29DFF6AD00A44FCC /* SettingsHeaderView.swift in Sources */,
				F1DECAAD29D56FAE001C758F /* Extensions.swift in Sources */,
				F14A3EE729D95BAC0045D363 /* CardViewModel.swift in Sources */,
				F1EA639B29E2C87A00A064D9 /* ProfileCell.swift in Sources */,
				F14A3EEA29D96CBB0045D363 /* LoginController.swift in Sources */,
				F117F5D329E011D500A44FCC /* SettingsViewModel.swift in Sources */,
			);
			runOnlyForDeploymentPostprocessing = 0;
		};
/* End PBXSourcesBuildPhase section */

/* Begin PBXVariantGroup section */
		F1DECA9B29D56B61001C758F /* LaunchScreen.storyboard */ = {
			isa = PBXVariantGroup;
			children = (
				F1DECA9C29D56B61001C758F /* Base */,
			);
			name = LaunchScreen.storyboard;
			sourceTree = "<group>";
		};
/* End PBXVariantGroup section */

/* Begin XCBuildConfiguration section */
		F1DECA9F29D56B61001C758F /* Debug */ = {
			isa = XCBuildConfiguration;
			buildSettings = {
				ALWAYS_SEARCH_USER_PATHS = NO;
				CLANG_ANALYZER_NONNULL = YES;
				CLANG_ANALYZER_NUMBER_OBJECT_CONVERSION = YES_AGGRESSIVE;
				CLANG_CXX_LANGUAGE_STANDARD = "gnu++20";
				CLANG_ENABLE_MODULES = YES;
				CLANG_ENABLE_OBJC_ARC = YES;
				CLANG_ENABLE_OBJC_WEAK = YES;
				CLANG_WARN_BLOCK_CAPTURE_AUTORELEASING = YES;
				CLANG_WARN_BOOL_CONVERSION = YES;
				CLANG_WARN_COMMA = YES;
				CLANG_WARN_CONSTANT_CONVERSION = YES;
				CLANG_WARN_DEPRECATED_OBJC_IMPLEMENTATIONS = YES;
				CLANG_WARN_DIRECT_OBJC_ISA_USAGE = YES_ERROR;
				CLANG_WARN_DOCUMENTATION_COMMENTS = YES;
				CLANG_WARN_EMPTY_BODY = YES;
				CLANG_WARN_ENUM_CONVERSION = YES;
				CLANG_WARN_INFINITE_RECURSION = YES;
				CLANG_WARN_INT_CONVERSION = YES;
				CLANG_WARN_NON_LITERAL_NULL_CONVERSION = YES;
				CLANG_WARN_OBJC_IMPLICIT_RETAIN_SELF = YES;
				CLANG_WARN_OBJC_LITERAL_CONVERSION = YES;
				CLANG_WARN_OBJC_ROOT_CLASS = YES_ERROR;
				CLANG_WARN_QUOTED_INCLUDE_IN_FRAMEWORK_HEADER = YES;
				CLANG_WARN_RANGE_LOOP_ANALYSIS = YES;
				CLANG_WARN_STRICT_PROTOTYPES = YES;
				CLANG_WARN_SUSPICIOUS_MOVE = YES;
				CLANG_WARN_UNGUARDED_AVAILABILITY = YES_AGGRESSIVE;
				CLANG_WARN_UNREACHABLE_CODE = YES;
				CLANG_WARN__DUPLICATE_METHOD_MATCH = YES;
				COPY_PHASE_STRIP = NO;
				DEBUG_INFORMATION_FORMAT = dwarf;
				ENABLE_STRICT_OBJC_MSGSEND = YES;
				ENABLE_TESTABILITY = YES;
				GCC_C_LANGUAGE_STANDARD = gnu11;
				GCC_DYNAMIC_NO_PIC = NO;
				GCC_NO_COMMON_BLOCKS = YES;
				GCC_OPTIMIZATION_LEVEL = 0;
				GCC_PREPROCESSOR_DEFINITIONS = (
					"DEBUG=1",
					"$(inherited)",
				);
				GCC_WARN_64_TO_32_BIT_CONVERSION = YES;
				GCC_WARN_ABOUT_RETURN_TYPE = YES_ERROR;
				GCC_WARN_UNDECLARED_SELECTOR = YES;
				GCC_WARN_UNINITIALIZED_AUTOS = YES_AGGRESSIVE;
				GCC_WARN_UNUSED_FUNCTION = YES;
				GCC_WARN_UNUSED_VARIABLE = YES;
				IPHONEOS_DEPLOYMENT_TARGET = 16.2;
				MTL_ENABLE_DEBUG_INFO = INCLUDE_SOURCE;
				MTL_FAST_MATH = YES;
				ONLY_ACTIVE_ARCH = YES;
				SDKROOT = iphoneos;
				SWIFT_ACTIVE_COMPILATION_CONDITIONS = DEBUG;
				SWIFT_OPTIMIZATION_LEVEL = "-Onone";
			};
			name = Debug;
		};
		F1DECAA029D56B61001C758F /* Release */ = {
			isa = XCBuildConfiguration;
			buildSettings = {
				ALWAYS_SEARCH_USER_PATHS = NO;
				CLANG_ANALYZER_NONNULL = YES;
				CLANG_ANALYZER_NUMBER_OBJECT_CONVERSION = YES_AGGRESSIVE;
				CLANG_CXX_LANGUAGE_STANDARD = "gnu++20";
				CLANG_ENABLE_MODULES = YES;
				CLANG_ENABLE_OBJC_ARC = YES;
				CLANG_ENABLE_OBJC_WEAK = YES;
				CLANG_WARN_BLOCK_CAPTURE_AUTORELEASING = YES;
				CLANG_WARN_BOOL_CONVERSION = YES;
				CLANG_WARN_COMMA = YES;
				CLANG_WARN_CONSTANT_CONVERSION = YES;
				CLANG_WARN_DEPRECATED_OBJC_IMPLEMENTATIONS = YES;
				CLANG_WARN_DIRECT_OBJC_ISA_USAGE = YES_ERROR;
				CLANG_WARN_DOCUMENTATION_COMMENTS = YES;
				CLANG_WARN_EMPTY_BODY = YES;
				CLANG_WARN_ENUM_CONVERSION = YES;
				CLANG_WARN_INFINITE_RECURSION = YES;
				CLANG_WARN_INT_CONVERSION = YES;
				CLANG_WARN_NON_LITERAL_NULL_CONVERSION = YES;
				CLANG_WARN_OBJC_IMPLICIT_RETAIN_SELF = YES;
				CLANG_WARN_OBJC_LITERAL_CONVERSION = YES;
				CLANG_WARN_OBJC_ROOT_CLASS = YES_ERROR;
				CLANG_WARN_QUOTED_INCLUDE_IN_FRAMEWORK_HEADER = YES;
				CLANG_WARN_RANGE_LOOP_ANALYSIS = YES;
				CLANG_WARN_STRICT_PROTOTYPES = YES;
				CLANG_WARN_SUSPICIOUS_MOVE = YES;
				CLANG_WARN_UNGUARDED_AVAILABILITY = YES_AGGRESSIVE;
				CLANG_WARN_UNREACHABLE_CODE = YES;
				CLANG_WARN__DUPLICATE_METHOD_MATCH = YES;
				COPY_PHASE_STRIP = NO;
				DEBUG_INFORMATION_FORMAT = "dwarf-with-dsym";
				ENABLE_NS_ASSERTIONS = NO;
				ENABLE_STRICT_OBJC_MSGSEND = YES;
				GCC_C_LANGUAGE_STANDARD = gnu11;
				GCC_NO_COMMON_BLOCKS = YES;
				GCC_WARN_64_TO_32_BIT_CONVERSION = YES;
				GCC_WARN_ABOUT_RETURN_TYPE = YES_ERROR;
				GCC_WARN_UNDECLARED_SELECTOR = YES;
				GCC_WARN_UNINITIALIZED_AUTOS = YES_AGGRESSIVE;
				GCC_WARN_UNUSED_FUNCTION = YES;
				GCC_WARN_UNUSED_VARIABLE = YES;
				IPHONEOS_DEPLOYMENT_TARGET = 16.2;
				MTL_ENABLE_DEBUG_INFO = NO;
				MTL_FAST_MATH = YES;
				SDKROOT = iphoneos;
				SWIFT_COMPILATION_MODE = wholemodule;
				SWIFT_OPTIMIZATION_LEVEL = "-O";
				VALIDATE_PRODUCT = YES;
			};
			name = Release;
		};
		F1DECAA229D56B61001C758F /* Debug */ = {
			isa = XCBuildConfiguration;
			baseConfigurationReference = 26C42FBFA4A7E80E7EF9EBBD /* Pods-TinderClone.debug.xcconfig */;
			buildSettings = {
				ASSETCATALOG_COMPILER_APPICON_NAME = AppIcon;
				ASSETCATALOG_COMPILER_GLOBAL_ACCENT_COLOR_NAME = AccentColor;
				CODE_SIGN_STYLE = Automatic;
				CURRENT_PROJECT_VERSION = 1;
				DEVELOPMENT_TEAM = JY9QH7G8BB;
				GENERATE_INFOPLIST_FILE = YES;
				INFOPLIST_FILE = TinderClone/Info.plist;
				INFOPLIST_KEY_UIApplicationSupportsIndirectInputEvents = YES;
				INFOPLIST_KEY_UILaunchStoryboardName = LaunchScreen;
				INFOPLIST_KEY_UISupportedInterfaceOrientations_iPad = "UIInterfaceOrientationLandscapeLeft UIInterfaceOrientationLandscapeRight UIInterfaceOrientationPortrait UIInterfaceOrientationPortraitUpsideDown";
				LD_RUNPATH_SEARCH_PATHS = (
					"$(inherited)",
					"@executable_path/Frameworks",
				);
				MARKETING_VERSION = 1.0;
				PRODUCT_BUNDLE_IDENTIFIER = com.samSung.TinderClone;
				PRODUCT_NAME = "$(TARGET_NAME)";
				SUPPORTED_PLATFORMS = "iphoneos iphonesimulator";
				SUPPORTS_MACCATALYST = NO;
				SUPPORTS_MAC_DESIGNED_FOR_IPHONE_IPAD = NO;
				SWIFT_EMIT_LOC_STRINGS = YES;
				SWIFT_VERSION = 5.0;
				TARGETED_DEVICE_FAMILY = 1;
			};
			name = Debug;
		};
		F1DECAA329D56B61001C758F /* Release */ = {
			isa = XCBuildConfiguration;
			baseConfigurationReference = 4E5727CD79824FABFB996412 /* Pods-TinderClone.release.xcconfig */;
			buildSettings = {
				ASSETCATALOG_COMPILER_APPICON_NAME = AppIcon;
				ASSETCATALOG_COMPILER_GLOBAL_ACCENT_COLOR_NAME = AccentColor;
				CODE_SIGN_STYLE = Automatic;
				CURRENT_PROJECT_VERSION = 1;
				DEVELOPMENT_TEAM = JY9QH7G8BB;
				GENERATE_INFOPLIST_FILE = YES;
				INFOPLIST_FILE = TinderClone/Info.plist;
				INFOPLIST_KEY_UIApplicationSupportsIndirectInputEvents = YES;
				INFOPLIST_KEY_UILaunchStoryboardName = LaunchScreen;
				INFOPLIST_KEY_UISupportedInterfaceOrientations_iPad = "UIInterfaceOrientationLandscapeLeft UIInterfaceOrientationLandscapeRight UIInterfaceOrientationPortrait UIInterfaceOrientationPortraitUpsideDown";
				LD_RUNPATH_SEARCH_PATHS = (
					"$(inherited)",
					"@executable_path/Frameworks",
				);
				MARKETING_VERSION = 1.0;
				PRODUCT_BUNDLE_IDENTIFIER = com.samSung.TinderClone;
				PRODUCT_NAME = "$(TARGET_NAME)";
				SUPPORTED_PLATFORMS = "iphoneos iphonesimulator";
				SUPPORTS_MACCATALYST = NO;
				SUPPORTS_MAC_DESIGNED_FOR_IPHONE_IPAD = NO;
				SWIFT_EMIT_LOC_STRINGS = YES;
				SWIFT_VERSION = 5.0;
				TARGETED_DEVICE_FAMILY = 1;
			};
			name = Release;
		};
/* End XCBuildConfiguration section */

/* Begin XCConfigurationList section */
		F1DECA8829D56B60001C758F /* Build configuration list for PBXProject "TinderClone" */ = {
			isa = XCConfigurationList;
			buildConfigurations = (
				F1DECA9F29D56B61001C758F /* Debug */,
				F1DECAA029D56B61001C758F /* Release */,
			);
			defaultConfigurationIsVisible = 0;
			defaultConfigurationName = Release;
		};
		F1DECAA129D56B61001C758F /* Build configuration list for PBXNativeTarget "TinderClone" */ = {
			isa = XCConfigurationList;
			buildConfigurations = (
				F1DECAA229D56B61001C758F /* Debug */,
				F1DECAA329D56B61001C758F /* Release */,
			);
			defaultConfigurationIsVisible = 0;
			defaultConfigurationName = Release;
		};
/* End XCConfigurationList section */
	};
	rootObject = F1DECA8529D56B60001C758F /* Project object */;
}
